// !$*UTF8*$!
{
	archiveVersion = 1;
	classes = {
	};
	objectVersion = 46;
	objects = {

/* Begin PBXBuildFile section */
		14F5EFCB1CCF0D0000C8D41B /* main.m in Sources */ = {isa = PBXBuildFile; fileRef = 14F5EFCA1CCF0D0000C8D41B /* main.m */; };
		14F5EFCE1CCF0D0000C8D41B /* AppDelegate.m in Sources */ = {isa = PBXBuildFile; fileRef = 14F5EFCD1CCF0D0000C8D41B /* AppDelegate.m */; };
		14F5EFD61CCF0D0000C8D41B /* Assets.xcassets in Resources */ = {isa = PBXBuildFile; fileRef = 14F5EFD51CCF0D0000C8D41B /* Assets.xcassets */; };
		14F5EFD91CCF0D0000C8D41B /* LaunchScreen.storyboard in Resources */ = {isa = PBXBuildFile; fileRef = 14F5EFD71CCF0D0000C8D41B /* LaunchScreen.storyboard */; };
		14F5EFE41CCF0D0000C8D41B /* myLibraryTests.m in Sources */ = {isa = PBXBuildFile; fileRef = 14F5EFE31CCF0D0000C8D41B /* myLibraryTests.m */; };
		14F5EFEF1CCF0D0000C8D41B /* myLibraryUITests.m in Sources */ = {isa = PBXBuildFile; fileRef = 14F5EFEE1CCF0D0000C8D41B /* myLibraryUITests.m */; };
		14F5F0001CCF14F900C8D41B /* libsqlite3.tbd in Frameworks */ = {isa = PBXBuildFile; fileRef = 14F5EFFF1CCF14F900C8D41B /* libsqlite3.tbd */; };
		14F5F00D1CCF15DC00C8D41B /* FMDatabase.m in Sources */ = {isa = PBXBuildFile; fileRef = 14F5F0031CCF15DC00C8D41B /* FMDatabase.m */; };
		14F5F00E1CCF15DC00C8D41B /* FMDatabaseAdditions.m in Sources */ = {isa = PBXBuildFile; fileRef = 14F5F0051CCF15DC00C8D41B /* FMDatabaseAdditions.m */; };
		14F5F00F1CCF15DC00C8D41B /* FMDatabasePool.m in Sources */ = {isa = PBXBuildFile; fileRef = 14F5F0071CCF15DC00C8D41B /* FMDatabasePool.m */; };
		14F5F0101CCF15DC00C8D41B /* FMDatabaseQueue.m in Sources */ = {isa = PBXBuildFile; fileRef = 14F5F0091CCF15DC00C8D41B /* FMDatabaseQueue.m */; };
		14F5F0121CCF15DC00C8D41B /* FMResultSet.m in Sources */ = {isa = PBXBuildFile; fileRef = 14F5F00C1CCF15DC00C8D41B /* FMResultSet.m */; };
		14F5F0161CCF162700C8D41B /* RootViewController.m in Sources */ = {isa = PBXBuildFile; fileRef = 14F5F0151CCF162700C8D41B /* RootViewController.m */; };
		14F5F01B1CCF164B00C8D41B /* DataManager.m in Sources */ = {isa = PBXBuildFile; fileRef = 14F5F01A1CCF164B00C8D41B /* DataManager.m */; };
		14F5F01E1CCF1D0000C8D41B /* Book.m in Sources */ = {isa = PBXBuildFile; fileRef = 14F5F01D1CCF1D0000C8D41B /* Book.m */; };
		14F5F0211CCF33C500C8D41B /* EmptyView.m in Sources */ = {isa = PBXBuildFile; fileRef = 14F5F0201CCF33C500C8D41B /* EmptyView.m */; };
		14F5F0291CCF41FA00C8D41B /* EditViewController.m in Sources */ = {isa = PBXBuildFile; fileRef = 14F5F0281CCF41FA00C8D41B /* EditViewController.m */; };
		14F5F02C1CCF49E400C8D41B /* EditViews.m in Sources */ = {isa = PBXBuildFile; fileRef = 14F5F02B1CCF49E400C8D41B /* EditViews.m */; };
		14FB22261CD1D7B3006C29AE /* ListCell.m in Sources */ = {isa = PBXBuildFile; fileRef = 14FB22251CD1D7B3006C29AE /* ListCell.m */; };
		14FB22281CD1DE46006C29AE /* noBook@2x.png in Resources */ = {isa = PBXBuildFile; fileRef = 14FB22271CD1DE46006C29AE /* noBook@2x.png */; };
/* End PBXBuildFile section */

/* Begin PBXContainerItemProxy section */
		14F5EFE01CCF0D0000C8D41B /* PBXContainerItemProxy */ = {
			isa = PBXContainerItemProxy;
			containerPortal = 14F5EFBE1CCF0CFF00C8D41B /* Project object */;
			proxyType = 1;
			remoteGlobalIDString = 14F5EFC51CCF0D0000C8D41B;
			remoteInfo = myLibrary;
		};
		14F5EFEB1CCF0D0000C8D41B /* PBXContainerItemProxy */ = {
			isa = PBXContainerItemProxy;
			containerPortal = 14F5EFBE1CCF0CFF00C8D41B /* Project object */;
			proxyType = 1;
			remoteGlobalIDString = 14F5EFC51CCF0D0000C8D41B;
			remoteInfo = myLibrary;
		};
/* End PBXContainerItemProxy section */

/* Begin PBXFileReference section */
		14F5EFC61CCF0D0000C8D41B /* myLibrary.app */ = {isa = PBXFileReference; explicitFileType = wrapper.application; includeInIndex = 0; path = myLibrary.app; sourceTree = BUILT_PRODUCTS_DIR; };
		14F5EFCA1CCF0D0000C8D41B /* main.m */ = {isa = PBXFileReference; lastKnownFileType = sourcecode.c.objc; path = main.m; sourceTree = "<group>"; };
		14F5EFCC1CCF0D0000C8D41B /* AppDelegate.h */ = {isa = PBXFileReference; lastKnownFileType = sourcecode.c.h; path = AppDelegate.h; sourceTree = "<group>"; };
		14F5EFCD1CCF0D0000C8D41B /* AppDelegate.m */ = {isa = PBXFileReference; lastKnownFileType = sourcecode.c.objc; path = AppDelegate.m; sourceTree = "<group>"; };
		14F5EFD51CCF0D0000C8D41B /* Assets.xcassets */ = {isa = PBXFileReference; lastKnownFileType = folder.assetcatalog; path = Assets.xcassets; sourceTree = "<group>"; };
		14F5EFD81CCF0D0000C8D41B /* Base */ = {isa = PBXFileReference; lastKnownFileType = file.storyboard; name = Base; path = Base.lproj/LaunchScreen.storyboard; sourceTree = "<group>"; };
		14F5EFDA1CCF0D0000C8D41B /* Info.plist */ = {isa = PBXFileReference; lastKnownFileType = text.plist.xml; path = Info.plist; sourceTree = "<group>"; };
		14F5EFDF1CCF0D0000C8D41B /* myLibraryTests.xctest */ = {isa = PBXFileReference; explicitFileType = wrapper.cfbundle; includeInIndex = 0; path = myLibraryTests.xctest; sourceTree = BUILT_PRODUCTS_DIR; };
		14F5EFE31CCF0D0000C8D41B /* myLibraryTests.m */ = {isa = PBXFileReference; lastKnownFileType = sourcecode.c.objc; path = myLibraryTests.m; sourceTree = "<group>"; };
		14F5EFE51CCF0D0000C8D41B /* Info.plist */ = {isa = PBXFileReference; lastKnownFileType = text.plist.xml; path = Info.plist; sourceTree = "<group>"; };
		14F5EFEA1CCF0D0000C8D41B /* myLibraryUITests.xctest */ = {isa = PBXFileReference; explicitFileType = wrapper.cfbundle; includeInIndex = 0; path = myLibraryUITests.xctest; sourceTree = BUILT_PRODUCTS_DIR; };
		14F5EFEE1CCF0D0000C8D41B /* myLibraryUITests.m */ = {isa = PBXFileReference; lastKnownFileType = sourcecode.c.objc; path = myLibraryUITests.m; sourceTree = "<group>"; };
		14F5EFF01CCF0D0000C8D41B /* Info.plist */ = {isa = PBXFileReference; lastKnownFileType = text.plist.xml; path = Info.plist; sourceTree = "<group>"; };
		14F5EFFF1CCF14F900C8D41B /* libsqlite3.tbd */ = {isa = PBXFileReference; lastKnownFileType = "sourcecode.text-based-dylib-definition"; name = libsqlite3.tbd; path = usr/lib/libsqlite3.tbd; sourceTree = SDKROOT; };
		14F5F0021CCF15DC00C8D41B /* FMDatabase.h */ = {isa = PBXFileReference; fileEncoding = 4; lastKnownFileType = sourcecode.c.h; path = FMDatabase.h; sourceTree = "<group>"; };
		14F5F0031CCF15DC00C8D41B /* FMDatabase.m */ = {isa = PBXFileReference; fileEncoding = 4; lastKnownFileType = sourcecode.c.objc; path = FMDatabase.m; sourceTree = "<group>"; };
		14F5F0041CCF15DC00C8D41B /* FMDatabaseAdditions.h */ = {isa = PBXFileReference; fileEncoding = 4; lastKnownFileType = sourcecode.c.h; path = FMDatabaseAdditions.h; sourceTree = "<group>"; };
		14F5F0051CCF15DC00C8D41B /* FMDatabaseAdditions.m */ = {isa = PBXFileReference; fileEncoding = 4; lastKnownFileType = sourcecode.c.objc; path = FMDatabaseAdditions.m; sourceTree = "<group>"; };
		14F5F0061CCF15DC00C8D41B /* FMDatabasePool.h */ = {isa = PBXFileReference; fileEncoding = 4; lastKnownFileType = sourcecode.c.h; path = FMDatabasePool.h; sourceTree = "<group>"; };
		14F5F0071CCF15DC00C8D41B /* FMDatabasePool.m */ = {isa = PBXFileReference; fileEncoding = 4; lastKnownFileType = sourcecode.c.objc; path = FMDatabasePool.m; sourceTree = "<group>"; };
		14F5F0081CCF15DC00C8D41B /* FMDatabaseQueue.h */ = {isa = PBXFileReference; fileEncoding = 4; lastKnownFileType = sourcecode.c.h; path = FMDatabaseQueue.h; sourceTree = "<group>"; };
		14F5F0091CCF15DC00C8D41B /* FMDatabaseQueue.m */ = {isa = PBXFileReference; fileEncoding = 4; lastKnownFileType = sourcecode.c.objc; path = FMDatabaseQueue.m; sourceTree = "<group>"; };
		14F5F00B1CCF15DC00C8D41B /* FMResultSet.h */ = {isa = PBXFileReference; fileEncoding = 4; lastKnownFileType = sourcecode.c.h; path = FMResultSet.h; sourceTree = "<group>"; };
		14F5F00C1CCF15DC00C8D41B /* FMResultSet.m */ = {isa = PBXFileReference; fileEncoding = 4; lastKnownFileType = sourcecode.c.objc; path = FMResultSet.m; sourceTree = "<group>"; };
		14F5F0141CCF162700C8D41B /* RootViewController.h */ = {isa = PBXFileReference; fileEncoding = 4; lastKnownFileType = sourcecode.c.h; path = RootViewController.h; sourceTree = "<group>"; };
		14F5F0151CCF162700C8D41B /* RootViewController.m */ = {isa = PBXFileReference; fileEncoding = 4; lastKnownFileType = sourcecode.c.objc; path = RootViewController.m; sourceTree = "<group>"; };
		14F5F0191CCF164B00C8D41B /* DataManager.h */ = {isa = PBXFileReference; fileEncoding = 4; lastKnownFileType = sourcecode.c.h; path = DataManager.h; sourceTree = "<group>"; };
		14F5F01A1CCF164B00C8D41B /* DataManager.m */ = {isa = PBXFileReference; fileEncoding = 4; lastKnownFileType = sourcecode.c.objc; path = DataManager.m; sourceTree = "<group>"; };
		14F5F01C1CCF1D0000C8D41B /* Book.h */ = {isa = PBXFileReference; fileEncoding = 4; lastKnownFileType = sourcecode.c.h; path = Book.h; sourceTree = "<group>"; };
		14F5F01D1CCF1D0000C8D41B /* Book.m */ = {isa = PBXFileReference; fileEncoding = 4; lastKnownFileType = sourcecode.c.objc; path = Book.m; sourceTree = "<group>"; };
		14F5F01F1CCF33C500C8D41B /* EmptyView.h */ = {isa = PBXFileReference; fileEncoding = 4; lastKnownFileType = sourcecode.c.h; path = EmptyView.h; sourceTree = "<group>"; };
		14F5F0201CCF33C500C8D41B /* EmptyView.m */ = {isa = PBXFileReference; fileEncoding = 4; lastKnownFileType = sourcecode.c.objc; path = EmptyView.m; sourceTree = "<group>"; };
		14F5F0261CCF409A00C8D41B /* FMDB.h */ = {isa = PBXFileReference; fileEncoding = 4; lastKnownFileType = sourcecode.c.h; path = FMDB.h; sourceTree = "<group>"; };
		14F5F0271CCF41FA00C8D41B /* EditViewController.h */ = {isa = PBXFileReference; fileEncoding = 4; lastKnownFileType = sourcecode.c.h; path = EditViewController.h; sourceTree = "<group>"; };
		14F5F0281CCF41FA00C8D41B /* EditViewController.m */ = {isa = PBXFileReference; fileEncoding = 4; lastKnownFileType = sourcecode.c.objc; path = EditViewController.m; sourceTree = "<group>"; };
		14F5F02A1CCF49E400C8D41B /* EditViews.h */ = {isa = PBXFileReference; fileEncoding = 4; lastKnownFileType = sourcecode.c.h; path = EditViews.h; sourceTree = "<group>"; };
		14F5F02B1CCF49E400C8D41B /* EditViews.m */ = {isa = PBXFileReference; fileEncoding = 4; lastKnownFileType = sourcecode.c.objc; path = EditViews.m; sourceTree = "<group>"; };
		14FB22241CD1D7B3006C29AE /* ListCell.h */ = {isa = PBXFileReference; fileEncoding = 4; lastKnownFileType = sourcecode.c.h; path = ListCell.h; sourceTree = "<group>"; };
		14FB22251CD1D7B3006C29AE /* ListCell.m */ = {isa = PBXFileReference; fileEncoding = 4; lastKnownFileType = sourcecode.c.objc; path = ListCell.m; sourceTree = "<group>"; };
		14FB22271CD1DE46006C29AE /* noBook@2x.png */ = {isa = PBXFileReference; lastKnownFileType = image.png; path = "noBook@2x.png"; sourceTree = "<group>"; };
/* End PBXFileReference section */

/* Begin PBXFrameworksBuildPhase section */
		14F5EFC31CCF0D0000C8D41B /* Frameworks */ = {
			isa = PBXFrameworksBuildPhase;
			buildActionMask = 2147483647;
			files = (
				14F5F0001CCF14F900C8D41B /* libsqlite3.tbd in Frameworks */,
			);
			runOnlyForDeploymentPostprocessing = 0;
		};
		14F5EFDC1CCF0D0000C8D41B /* Frameworks */ = {
			isa = PBXFrameworksBuildPhase;
			buildActionMask = 2147483647;
			files = (
			);
			runOnlyForDeploymentPostprocessing = 0;
		};
		14F5EFE71CCF0D0000C8D41B /* Frameworks */ = {
			isa = PBXFrameworksBuildPhase;
			buildActionMask = 2147483647;
			files = (
			);
			runOnlyForDeploymentPostprocessing = 0;
		};
/* End PBXFrameworksBuildPhase section */

/* Begin PBXGroup section */
		14F5EFBD1CCF0CFF00C8D41B = {
			isa = PBXGroup;
			children = (
				14F5EFC81CCF0D0000C8D41B /* myLibrary */,
				14F5EFE21CCF0D0000C8D41B /* myLibraryTests */,
				14F5EFED1CCF0D0000C8D41B /* myLibraryUITests */,
				14F5EFC71CCF0D0000C8D41B /* Products */,
			);
			sourceTree = "<group>";
		};
		14F5EFC71CCF0D0000C8D41B /* Products */ = {
			isa = PBXGroup;
			children = (
				14F5EFC61CCF0D0000C8D41B /* myLibrary.app */,
				14F5EFDF1CCF0D0000C8D41B /* myLibraryTests.xctest */,
				14F5EFEA1CCF0D0000C8D41B /* myLibraryUITests.xctest */,
			);
			name = Products;
			sourceTree = "<group>";
		};
		14F5EFC81CCF0D0000C8D41B /* myLibrary */ = {
			isa = PBXGroup;
			children = (
				14F5F0171CCF162F00C8D41B /* Model */,
				14F5F0181CCF162F00C8D41B /* View */,
				14F5F0131CCF162700C8D41B /* Controller */,
				14F5EFCC1CCF0D0000C8D41B /* AppDelegate.h */,
				14F5EFCD1CCF0D0000C8D41B /* AppDelegate.m */,
				14F5EFD51CCF0D0000C8D41B /* Assets.xcassets */,
				14FB22271CD1DE46006C29AE /* noBook@2x.png */,
				14F5EFD71CCF0D0000C8D41B /* LaunchScreen.storyboard */,
				14F5EFDA1CCF0D0000C8D41B /* Info.plist */,
				14F5F0011CCF15DC00C8D41B /* FMDB */,
				14F5EFC91CCF0D0000C8D41B /* Supporting Files */,
			);
			path = myLibrary;
			sourceTree = "<group>";
		};
		14F5EFC91CCF0D0000C8D41B /* Supporting Files */ = {
			isa = PBXGroup;
			children = (
				14F5EFFF1CCF14F900C8D41B /* libsqlite3.tbd */,
				14F5EFCA1CCF0D0000C8D41B /* main.m */,
			);
			name = "Supporting Files";
			sourceTree = "<group>";
		};
		14F5EFE21CCF0D0000C8D41B /* myLibraryTests */ = {
			isa = PBXGroup;
			children = (
				14F5EFE31CCF0D0000C8D41B /* myLibraryTests.m */,
				14F5EFE51CCF0D0000C8D41B /* Info.plist */,
			);
			path = myLibraryTests;
			sourceTree = "<group>";
		};
		14F5EFED1CCF0D0000C8D41B /* myLibraryUITests */ = {
			isa = PBXGroup;
			children = (
				14F5EFEE1CCF0D0000C8D41B /* myLibraryUITests.m */,
				14F5EFF01CCF0D0000C8D41B /* Info.plist */,
			);
			path = myLibraryUITests;
			sourceTree = "<group>";
		};
		14F5F0011CCF15DC00C8D41B /* FMDB */ = {
			isa = PBXGroup;
			children = (
				14F5F0261CCF409A00C8D41B /* FMDB.h */,
				14F5F0021CCF15DC00C8D41B /* FMDatabase.h */,
				14F5F0031CCF15DC00C8D41B /* FMDatabase.m */,
				14F5F0041CCF15DC00C8D41B /* FMDatabaseAdditions.h */,
				14F5F0051CCF15DC00C8D41B /* FMDatabaseAdditions.m */,
				14F5F0061CCF15DC00C8D41B /* FMDatabasePool.h */,
				14F5F0071CCF15DC00C8D41B /* FMDatabasePool.m */,
				14F5F0081CCF15DC00C8D41B /* FMDatabaseQueue.h */,
				14F5F0091CCF15DC00C8D41B /* FMDatabaseQueue.m */,
				14F5F00B1CCF15DC00C8D41B /* FMResultSet.h */,
				14F5F00C1CCF15DC00C8D41B /* FMResultSet.m */,
			);
			path = FMDB;
			sourceTree = "<group>";
		};
		14F5F0131CCF162700C8D41B /* Controller */ = {
			isa = PBXGroup;
			children = (
				14F5F0141CCF162700C8D41B /* RootViewController.h */,
				14F5F0151CCF162700C8D41B /* RootViewController.m */,
				14F5F0271CCF41FA00C8D41B /* EditViewController.h */,
				14F5F0281CCF41FA00C8D41B /* EditViewController.m */,
			);
			path = Controller;
			sourceTree = "<group>";
		};
		14F5F0171CCF162F00C8D41B /* Model */ = {
			isa = PBXGroup;
			children = (
				14F5F0191CCF164B00C8D41B /* DataManager.h */,
				14F5F01A1CCF164B00C8D41B /* DataManager.m */,
				14F5F01C1CCF1D0000C8D41B /* Book.h */,
				14F5F01D1CCF1D0000C8D41B /* Book.m */,
			);
			path = Model;
			sourceTree = "<group>";
		};
		14F5F0181CCF162F00C8D41B /* View */ = {
			isa = PBXGroup;
			children = (
				14F5F01F1CCF33C500C8D41B /* EmptyView.h */,
				14F5F0201CCF33C500C8D41B /* EmptyView.m */,
				14F5F02A1CCF49E400C8D41B /* EditViews.h */,
				14F5F02B1CCF49E400C8D41B /* EditViews.m */,
				14FB22241CD1D7B3006C29AE /* ListCell.h */,
				14FB22251CD1D7B3006C29AE /* ListCell.m */,
			);
			path = View;
			sourceTree = "<group>";
		};
/* End PBXGroup section */

/* Begin PBXNativeTarget section */
		14F5EFC51CCF0D0000C8D41B /* myLibrary */ = {
			isa = PBXNativeTarget;
			buildConfigurationList = 14F5EFF31CCF0D0000C8D41B /* Build configuration list for PBXNativeTarget "myLibrary" */;
			buildPhases = (
				14F5EFC21CCF0D0000C8D41B /* Sources */,
				14F5EFC31CCF0D0000C8D41B /* Frameworks */,
				14F5EFC41CCF0D0000C8D41B /* Resources */,
			);
			buildRules = (
			);
			dependencies = (
			);
			name = myLibrary;
			productName = myLibrary;
			productReference = 14F5EFC61CCF0D0000C8D41B /* myLibrary.app */;
			productType = "com.apple.product-type.application";
		};
		14F5EFDE1CCF0D0000C8D41B /* myLibraryTests */ = {
			isa = PBXNativeTarget;
			buildConfigurationList = 14F5EFF61CCF0D0000C8D41B /* Build configuration list for PBXNativeTarget "myLibraryTests" */;
			buildPhases = (
				14F5EFDB1CCF0D0000C8D41B /* Sources */,
				14F5EFDC1CCF0D0000C8D41B /* Frameworks */,
				14F5EFDD1CCF0D0000C8D41B /* Resources */,
			);
			buildRules = (
			);
			dependencies = (
				14F5EFE11CCF0D0000C8D41B /* PBXTargetDependency */,
			);
			name = myLibraryTests;
			productName = myLibraryTests;
			productReference = 14F5EFDF1CCF0D0000C8D41B /* myLibraryTests.xctest */;
			productType = "com.apple.product-type.bundle.unit-test";
		};
		14F5EFE91CCF0D0000C8D41B /* myLibraryUITests */ = {
			isa = PBXNativeTarget;
			buildConfigurationList = 14F5EFF91CCF0D0000C8D41B /* Build configuration list for PBXNativeTarget "myLibraryUITests" */;
			buildPhases = (
				14F5EFE61CCF0D0000C8D41B /* Sources */,
				14F5EFE71CCF0D0000C8D41B /* Frameworks */,
				14F5EFE81CCF0D0000C8D41B /* Resources */,
			);
			buildRules = (
			);
			dependencies = (
				14F5EFEC1CCF0D0000C8D41B /* PBXTargetDependency */,
			);
			name = myLibraryUITests;
			productName = myLibraryUITests;
			productReference = 14F5EFEA1CCF0D0000C8D41B /* myLibraryUITests.xctest */;
			productType = "com.apple.product-type.bundle.ui-testing";
		};
/* End PBXNativeTarget section */

/* Begin PBXProject section */
		14F5EFBE1CCF0CFF00C8D41B /* Project object */ = {
			isa = PBXProject;
			attributes = {
				LastUpgradeCheck = 0720;
				TargetAttributes = {
					14F5EFC51CCF0D0000C8D41B = {
						CreatedOnToolsVersion = 7.2.1;
					};
					14F5EFDE1CCF0D0000C8D41B = {
						CreatedOnToolsVersion = 7.2.1;
						TestTargetID = 14F5EFC51CCF0D0000C8D41B;
					};
					14F5EFE91CCF0D0000C8D41B = {
						CreatedOnToolsVersion = 7.2.1;
						TestTargetID = 14F5EFC51CCF0D0000C8D41B;
					};
				};
			};
			buildConfigurationList = 14F5EFC11CCF0CFF00C8D41B /* Build configuration list for PBXProject "myLibrary" */;
			compatibilityVersion = "Xcode 3.2";
			developmentRegion = English;
			hasScannedForEncodings = 0;
			knownRegions = (
				en,
				Base,
			);
			mainGroup = 14F5EFBD1CCF0CFF00C8D41B;
			productRefGroup = 14F5EFC71CCF0D0000C8D41B /* Products */;
			projectDirPath = "";
			projectRoot = "";
			targets = (
				14F5EFC51CCF0D0000C8D41B /* myLibrary */,
				14F5EFDE1CCF0D0000C8D41B /* myLibraryTests */,
				14F5EFE91CCF0D0000C8D41B /* myLibraryUITests */,
			);
		};
/* End PBXProject section */

/* Begin PBXResourcesBuildPhase section */
		14F5EFC41CCF0D0000C8D41B /* Resources */ = {
			isa = PBXResourcesBuildPhase;
			buildActionMask = 2147483647;
			files = (
				14FB22281CD1DE46006C29AE /* noBook@2x.png in Resources */,
				14F5EFD91CCF0D0000C8D41B /* LaunchScreen.storyboard in Resources */,
				14F5EFD61CCF0D0000C8D41B /* Assets.xcassets in Resources */,
			);
			runOnlyForDeploymentPostprocessing = 0;
		};
		14F5EFDD1CCF0D0000C8D41B /* Resources */ = {
			isa = PBXResourcesBuildPhase;
			buildActionMask = 2147483647;
			files = (
			);
			runOnlyForDeploymentPostprocessing = 0;
		};
		14F5EFE81CCF0D0000C8D41B /* Resources */ = {
			isa = PBXResourcesBuildPhase;
			buildActionMask = 2147483647;
			files = (
			);
			runOnlyForDeploymentPostprocessing = 0;
		};
/* End PBXResourcesBuildPhase section */

/* Begin PBXSourcesBuildPhase section */
		14F5EFC21CCF0D0000C8D41B /* Sources */ = {
			isa = PBXSourcesBuildPhase;
			buildActionMask = 2147483647;
			files = (
				14F5EFCE1CCF0D0000C8D41B /* AppDelegate.m in Sources */,
				14FB22261CD1D7B3006C29AE /* ListCell.m in Sources */,
				14F5F02C1CCF49E400C8D41B /* EditViews.m in Sources */,
				14F5F01B1CCF164B00C8D41B /* DataManager.m in Sources */,
				14F5F00F1CCF15DC00C8D41B /* FMDatabasePool.m in Sources */,
				14F5F01E1CCF1D0000C8D41B /* Book.m in Sources */,
				14F5F0291CCF41FA00C8D41B /* EditViewController.m in Sources */,
				14F5EFCB1CCF0D0000C8D41B /* main.m in Sources */,
				14F5F0101CCF15DC00C8D41B /* FMDatabaseQueue.m in Sources */,
				14F5F0161CCF162700C8D41B /* RootViewController.m in Sources */,
				14F5F0211CCF33C500C8D41B /* EmptyView.m in Sources */,
				14F5F0121CCF15DC00C8D41B /* FMResultSet.m in Sources */,
				14F5F00D1CCF15DC00C8D41B /* FMDatabase.m in Sources */,
				14F5F00E1CCF15DC00C8D41B /* FMDatabaseAdditions.m in Sources */,
			);
			runOnlyForDeploymentPostprocessing = 0;
		};
		14F5EFDB1CCF0D0000C8D41B /* Sources */ = {
			isa = PBXSourcesBuildPhase;
			buildActionMask = 2147483647;
			files = (
				14F5EFE41CCF0D0000C8D41B /* myLibraryTests.m in Sources */,
			);
			runOnlyForDeploymentPostprocessing = 0;
		};
		14F5EFE61CCF0D0000C8D41B /* Sources */ = {
			isa = PBXSourcesBuildPhase;
			buildActionMask = 2147483647;
			files = (
				14F5EFEF1CCF0D0000C8D41B /* myLibraryUITests.m in Sources */,
			);
			runOnlyForDeploymentPostprocessing = 0;
		};
/* End PBXSourcesBuildPhase section */

/* Begin PBXTargetDependency section */
		14F5EFE11CCF0D0000C8D41B /* PBXTargetDependency */ = {
			isa = PBXTargetDependency;
			target = 14F5EFC51CCF0D0000C8D41B /* myLibrary */;
			targetProxy = 14F5EFE01CCF0D0000C8D41B /* PBXContainerItemProxy */;
		};
		14F5EFEC1CCF0D0000C8D41B /* PBXTargetDependency */ = {
			isa = PBXTargetDependency;
			target = 14F5EFC51CCF0D0000C8D41B /* myLibrary */;
			targetProxy = 14F5EFEB1CCF0D0000C8D41B /* PBXContainerItemProxy */;
		};
/* End PBXTargetDependency section */

/* Begin PBXVariantGroup section */
		14F5EFD71CCF0D0000C8D41B /* LaunchScreen.storyboard */ = {
			isa = PBXVariantGroup;
			children = (
				14F5EFD81CCF0D0000C8D41B /* Base */,
			);
			name = LaunchScreen.storyboard;
			sourceTree = "<group>";
		};
/* End PBXVariantGroup section */

/* Begin XCBuildConfiguration section */
		14F5EFF11CCF0D0000C8D41B /* Debug */ = {
			isa = XCBuildConfiguration;
			buildSettings = {
				ALWAYS_SEARCH_USER_PATHS = NO;
				CLANG_CXX_LANGUAGE_STANDARD = "gnu++0x";
				CLANG_CXX_LIBRARY = "libc++";
				CLANG_ENABLE_MODULES = YES;
				CLANG_ENABLE_OBJC_ARC = YES;
				CLANG_WARN_BOOL_CONVERSION = YES;
				CLANG_WARN_CONSTANT_CONVERSION = YES;
				CLANG_WARN_DIRECT_OBJC_ISA_USAGE = YES_ERROR;
				CLANG_WARN_EMPTY_BODY = YES;
				CLANG_WARN_ENUM_CONVERSION = YES;
				CLANG_WARN_INT_CONVERSION = YES;
				CLANG_WARN_OBJC_ROOT_CLASS = YES_ERROR;
				CLANG_WARN_UNREACHABLE_CODE = YES;
				CLANG_WARN__DUPLICATE_METHOD_MATCH = YES;
				"CODE_SIGN_IDENTITY[sdk=iphoneos*]" = "iPhone Developer";
				COPY_PHASE_STRIP = NO;
				DEBUG_INFORMATION_FORMAT = dwarf;
				ENABLE_STRICT_OBJC_MSGSEND = YES;
				ENABLE_TESTABILITY = YES;
				GCC_C_LANGUAGE_STANDARD = gnu99;
				GCC_DYNAMIC_NO_PIC = NO;
				GCC_NO_COMMON_BLOCKS = YES;
				GCC_OPTIMIZATION_LEVEL = 0;
				GCC_PREPROCESSOR_DEFINITIONS = (
					"DEBUG=1",
					"$(inherited)",
				);
				GCC_WARN_64_TO_32_BIT_CONVERSION = YES;
				GCC_WARN_ABOUT_RETURN_TYPE = YES_ERROR;
				GCC_WARN_UNDECLARED_SELECTOR = YES;
				GCC_WARN_UNINITIALIZED_AUTOS = YES_AGGRESSIVE;
				GCC_WARN_UNUSED_FUNCTION = YES;
				GCC_WARN_UNUSED_VARIABLE = YES;
				IPHONEOS_DEPLOYMENT_TARGET = 9.2;
				MTL_ENABLE_DEBUG_INFO = YES;
				ONLY_ACTIVE_ARCH = YES;
				SDKROOT = iphoneos;
			};
			name = Debug;
		};
		14F5EFF21CCF0D0000C8D41B /* Release */ = {
			isa = XCBuildConfiguration;
			buildSettings = {
				ALWAYS_SEARCH_USER_PATHS = NO;
				CLANG_CXX_LANGUAGE_STANDARD = "gnu++0x";
				CLANG_CXX_LIBRARY = "libc++";
				CLANG_ENABLE_MODULES = YES;
				CLANG_ENABLE_OBJC_ARC = YES;
				CLANG_WARN_BOOL_CONVERSION = YES;
				CLANG_WARN_CONSTANT_CONVERSION = YES;
				CLANG_WARN_DIRECT_OBJC_ISA_USAGE = YES_ERROR;
				CLANG_WARN_EMPTY_BODY = YES;
				CLANG_WARN_ENUM_CONVERSION = YES;
				CLANG_WARN_INT_CONVERSION = YES;
				CLANG_WARN_OBJC_ROOT_CLASS = YES_ERROR;
				CLANG_WARN_UNREACHABLE_CODE = YES;
				CLANG_WARN__DUPLICATE_METHOD_MATCH = YES;
				"CODE_SIGN_IDENTITY[sdk=iphoneos*]" = "iPhone Developer";
				COPY_PHASE_STRIP = NO;
				DEBUG_INFORMATION_FORMAT = "dwarf-with-dsym";
				ENABLE_NS_ASSERTIONS = NO;
				ENABLE_STRICT_OBJC_MSGSEND = YES;
				GCC_C_LANGUAGE_STANDARD = gnu99;
				GCC_NO_COMMON_BLOCKS = YES;
				GCC_WARN_64_TO_32_BIT_CONVERSION = YES;
				GCC_WARN_ABOUT_RETURN_TYPE = YES_ERROR;
				GCC_WARN_UNDECLARED_SELECTOR = YES;
				GCC_WARN_UNINITIALIZED_AUTOS = YES_AGGRESSIVE;
				GCC_WARN_UNUSED_FUNCTION = YES;
				GCC_WARN_UNUSED_VARIABLE = YES;
				IPHONEOS_DEPLOYMENT_TARGET = 9.2;
				MTL_ENABLE_DEBUG_INFO = NO;
				SDKROOT = iphoneos;
				VALIDATE_PRODUCT = YES;
			};
			name = Release;
		};
		14F5EFF41CCF0D0000C8D41B /* Debug */ = {
			isa = XCBuildConfiguration;
			buildSettings = {
				ASSETCATALOG_COMPILER_APPICON_NAME = AppIcon;
				INFOPLIST_FILE = myLibrary/Info.plist;
				LD_RUNPATH_SEARCH_PATHS = "$(inherited) @executable_path/Frameworks";
				PRODUCT_BUNDLE_IDENTIFIER = fly.myLibrary;
				PRODUCT_NAME = "$(TARGET_NAME)";
			};
			name = Debug;
		};
		14F5EFF51CCF0D0000C8D41B /* Release */ = {
			isa = XCBuildConfiguration;
			buildSettings = {
				ASSETCATALOG_COMPILER_APPICON_NAME = AppIcon;
				INFOPLIST_FILE = myLibrary/Info.plist;
				LD_RUNPATH_SEARCH_PATHS = "$(inherited) @executable_path/Frameworks";
				PRODUCT_BUNDLE_IDENTIFIER = fly.myLibrary;
				PRODUCT_NAME = "$(TARGET_NAME)";
			};
			name = Release;
		};
		14F5EFF71CCF0D0000C8D41B /* Debug */ = {
			isa = XCBuildConfiguration;
			buildSettings = {
				BUNDLE_LOADER = "$(TEST_HOST)";
				INFOPLIST_FILE = myLibraryTests/Info.plist;
				LD_RUNPATH_SEARCH_PATHS = "$(inherited) @executable_path/Frameworks @loader_path/Frameworks";
				PRODUCT_BUNDLE_IDENTIFIER = fly.myLibraryTests;
				PRODUCT_NAME = "$(TARGET_NAME)";
				TEST_HOST = "$(BUILT_PRODUCTS_DIR)/myLibrary.app/myLibrary";
			};
			name = Debug;
		};
		14F5EFF81CCF0D0000C8D41B /* Release */ = {
			isa = XCBuildConfiguration;
			buildSettings = {
				BUNDLE_LOADER = "$(TEST_HOST)";
				INFOPLIST_FILE = myLibraryTests/Info.plist;
				LD_RUNPATH_SEARCH_PATHS = "$(inherited) @executable_path/Frameworks @loader_path/Frameworks";
				PRODUCT_BUNDLE_IDENTIFIER = fly.myLibraryTests;
				PRODUCT_NAME = "$(TARGET_NAME)";
				TEST_HOST = "$(BUILT_PRODUCTS_DIR)/myLibrary.app/myLibrary";
			};
			name = Release;
		};
		14F5EFFA1CCF0D0000C8D41B /* Debug */ = {
			isa = XCBuildConfiguration;
			buildSettings = {
				INFOPLIST_FILE = myLibraryUITests/Info.plist;
				LD_RUNPATH_SEARCH_PATHS = "$(inherited) @executable_path/Frameworks @loader_path/Frameworks";
				PRODUCT_BUNDLE_IDENTIFIER = fly.myLibraryUITests;
				PRODUCT_NAME = "$(TARGET_NAME)";
				TEST_TARGET_NAME = myLibrary;
				USES_XCTRUNNER = YES;
			};
			name = Debug;
		};
		14F5EFFB1CCF0D0000C8D41B /* Release */ = {
			isa = XCBuildConfiguration;
			buildSettings = {
				INFOPLIST_FILE = myLibraryUITests/Info.plist;
				LD_RUNPATH_SEARCH_PATHS = "$(inherited) @executable_path/Frameworks @loader_path/Frameworks";
				PRODUCT_BUNDLE_IDENTIFIER = fly.myLibraryUITests;
				PRODUCT_NAME = "$(TARGET_NAME)";
				TEST_TARGET_NAME = myLibrary;
				USES_XCTRUNNER = YES;
			};
			name = Release;
		};
/* End XCBuildConfiguration section */

/* Begin XCConfigurationList section */
		14F5EFC11CCF0CFF00C8D41B /* Build configuration list for PBXProject "myLibrary" */ = {
			isa = XCConfigurationList;
			buildConfigurations = (
				14F5EFF11CCF0D0000C8D41B /* Debug */,
				14F5EFF21CCF0D0000C8D41B /* Release */,
			);
			defaultConfigurationIsVisible = 0;
			defaultConfigurationName = Release;
		};
		14F5EFF31CCF0D0000C8D41B /* Build configuration list for PBXNativeTarget "myLibrary" */ = {
			isa = XCConfigurationList;
			buildConfigurations = (
				14F5EFF41CCF0D0000C8D41B /* Debug */,
				14F5EFF51CCF0D0000C8D41B /* Release */,
			);
			defaultConfigurationIsVisible = 0;
			defaultConfigurationName = Release;
		};
		14F5EFF61CCF0D0000C8D41B /* Build configuration list for PBXNativeTarget "myLibraryTests" */ = {
			isa = XCConfigurationList;
			buildConfigurations = (
				14F5EFF71CCF0D0000C8D41B /* Debug */,
				14F5EFF81CCF0D0000C8D41B /* Release */,
			);
			defaultConfigurationIsVisible = 0;
			defaultConfigurationName = Release;
		};
		14F5EFF91CCF0D0000C8D41B /* Build configuration list for PBXNativeTarget "myLibraryUITests" */ = {
			isa = XCConfigurationList;
			buildConfigurations = (
				14F5EFFA1CCF0D0000C8D41B /* Debug */,
				14F5EFFB1CCF0D0000C8D41B /* Release */,
			);
			defaultConfigurationIsVisible = 0;
			defaultConfigurationName = Release;
		};
/* End XCConfigurationList section */
	};
	rootObject = 14F5EFBE1CCF0CFF00C8D41B /* Project object */;
}
